// !$*UTF8*$!
{
	archiveVersion = 1;
	classes = {
	};
	objectVersion = 56;
	objects = {

/* Begin PBXBuildFile section */
		870C08C429F40AF8009D99D3 /* Little_LemonApp.swift in Sources */ = {isa = PBXBuildFile; fileRef = 870C08C329F40AF8009D99D3 /* Little_LemonApp.swift */; };
		870C08C629F40AF8009D99D3 /* ContentView.swift in Sources */ = {isa = PBXBuildFile; fileRef = 870C08C529F40AF8009D99D3 /* ContentView.swift */; };
		870C08C829F40AF9009D99D3 /* Assets.xcassets in Resources */ = {isa = PBXBuildFile; fileRef = 870C08C729F40AF9009D99D3 /* Assets.xcassets */; };
		870C08CB29F40AF9009D99D3 /* Preview Assets.xcassets in Resources */ = {isa = PBXBuildFile; fileRef = 870C08CA29F40AF9009D99D3 /* Preview Assets.xcassets */; };
		870C08DA29F4270F009D99D3 /* ExampleDatabase.xcdatamodeld in Sources */ = {isa = PBXBuildFile; fileRef = 870C08D829F4270F009D99D3 /* ExampleDatabase.xcdatamodeld */; };
		870C08DE29F4284B009D99D3 /* FetchedObjects.swift in Sources */ = {isa = PBXBuildFile; fileRef = 870C08DC29F4284B009D99D3 /* FetchedObjects.swift */; };
		870C08DF29F4284B009D99D3 /* Persistence.swift in Sources */ = {isa = PBXBuildFile; fileRef = 870C08DD29F4284B009D99D3 /* Persistence.swift */; };
		870C08E229F43B18009D99D3 /* MenuItem.swift in Sources */ = {isa = PBXBuildFile; fileRef = 870C08E129F43B18009D99D3 /* MenuItem.swift */; };
		870C08E429F43EAB009D99D3 /* MenuList.swift in Sources */ = {isa = PBXBuildFile; fileRef = 870C08E329F43EAB009D99D3 /* MenuList.swift */; };
		870C08E629F4519F009D99D3 /* Styles.swift in Sources */ = {isa = PBXBuildFile; fileRef = 870C08E529F4519F009D99D3 /* Styles.swift */; };
		870C08E929F4F306009D99D3 /* Onboarding.swift in Sources */ = {isa = PBXBuildFile; fileRef = 870C08E829F4F306009D99D3 /* Onboarding.swift */; };
		870C08EB29F4F36E009D99D3 /* Header.swift in Sources */ = {isa = PBXBuildFile; fileRef = 870C08EA29F4F36E009D99D3 /* Header.swift */; };
		870C08EE29F4F797009D99D3 /* ViewModel.swift in Sources */ = {isa = PBXBuildFile; fileRef = 870C08ED29F4F797009D99D3 /* ViewModel.swift */; };
		870C08F029F4F9CF009D99D3 /* UserProfile.swift in Sources */ = {isa = PBXBuildFile; fileRef = 870C08EF29F4F9CF009D99D3 /* UserProfile.swift */; };
		870C08F229F4FB5F009D99D3 /* Hero.swift in Sources */ = {isa = PBXBuildFile; fileRef = 870C08F129F4FB5F009D99D3 /* Hero.swift */; };
		870C08F429F4FB9F009D99D3 /* Home.swift in Sources */ = {isa = PBXBuildFile; fileRef = 870C08F329F4FB9F009D99D3 /* Home.swift */; };
		870C08F629F4FBD3009D99D3 /* MainScreen.swift in Sources */ = {isa = PBXBuildFile; fileRef = 870C08F529F4FBD3009D99D3 /* MainScreen.swift */; };
		870C08F829F4FC25009D99D3 /* Menu.swift in Sources */ = {isa = PBXBuildFile; fileRef = 870C08F729F4FC25009D99D3 /* Menu.swift */; };
		870C08FA29F4FCB1009D99D3 /* DetailItem.swift in Sources */ = {isa = PBXBuildFile; fileRef = 870C08F929F4FCB1009D99D3 /* DetailItem.swift */; };
		870C08FC29F4FD18009D99D3 /* FoodItem.swift in Sources */ = {isa = PBXBuildFile; fileRef = 870C08FB29F4FD18009D99D3 /* FoodItem.swift */; };
/* End PBXBuildFile section */

/* Begin PBXFileReference section */
		870C08C029F40AF8009D99D3 /* Little Lemon.app */ = {isa = PBXFileReference; explicitFileType = wrapper.application; includeInIndex = 0; path = "Little Lemon.app"; sourceTree = BUILT_PRODUCTS_DIR; };
		870C08C329F40AF8009D99D3 /* Little_LemonApp.swift */ = {isa = PBXFileReference; lastKnownFileType = sourcecode.swift; path = Little_LemonApp.swift; sourceTree = "<group>"; };
		870C08C529F40AF8009D99D3 /* ContentView.swift */ = {isa = PBXFileReference; lastKnownFileType = sourcecode.swift; path = ContentView.swift; sourceTree = "<group>"; };
		870C08C729F40AF9009D99D3 /* Assets.xcassets */ = {isa = PBXFileReference; lastKnownFileType = folder.assetcatalog; path = Assets.xcassets; sourceTree = "<group>"; };
		870C08CA29F40AF9009D99D3 /* Preview Assets.xcassets */ = {isa = PBXFileReference; lastKnownFileType = folder.assetcatalog; path = "Preview Assets.xcassets"; sourceTree = "<group>"; };
		870C08D929F4270F009D99D3 /* ExampleDatabase.xcdatamodel */ = {isa = PBXFileReference; lastKnownFileType = wrapper.xcdatamodel; path = ExampleDatabase.xcdatamodel; sourceTree = "<group>"; };
		870C08DC29F4284B009D99D3 /* FetchedObjects.swift */ = {isa = PBXFileReference; fileEncoding = 4; lastKnownFileType = sourcecode.swift; path = FetchedObjects.swift; sourceTree = "<group>"; };
		870C08DD29F4284B009D99D3 /* Persistence.swift */ = {isa = PBXFileReference; fileEncoding = 4; lastKnownFileType = sourcecode.swift; path = Persistence.swift; sourceTree = "<group>"; };
		870C08E129F43B18009D99D3 /* MenuItem.swift */ = {isa = PBXFileReference; lastKnownFileType = sourcecode.swift; path = MenuItem.swift; sourceTree = "<group>"; };
		870C08E329F43EAB009D99D3 /* MenuList.swift */ = {isa = PBXFileReference; lastKnownFileType = sourcecode.swift; path = MenuList.swift; sourceTree = "<group>"; };
		870C08E529F4519F009D99D3 /* Styles.swift */ = {isa = PBXFileReference; lastKnownFileType = sourcecode.swift; path = Styles.swift; sourceTree = "<group>"; };
		870C08E829F4F306009D99D3 /* Onboarding.swift */ = {isa = PBXFileReference; lastKnownFileType = sourcecode.swift; path = Onboarding.swift; sourceTree = "<group>"; };
		870C08EA29F4F36E009D99D3 /* Header.swift */ = {isa = PBXFileReference; lastKnownFileType = sourcecode.swift; path = Header.swift; sourceTree = "<group>"; };
		870C08ED29F4F797009D99D3 /* ViewModel.swift */ = {isa = PBXFileReference; lastKnownFileType = sourcecode.swift; path = ViewModel.swift; sourceTree = "<group>"; };
		870C08EF29F4F9CF009D99D3 /* UserProfile.swift */ = {isa = PBXFileReference; lastKnownFileType = sourcecode.swift; path = UserProfile.swift; sourceTree = "<group>"; };
		870C08F129F4FB5F009D99D3 /* Hero.swift */ = {isa = PBXFileReference; lastKnownFileType = sourcecode.swift; path = Hero.swift; sourceTree = "<group>"; };
		870C08F329F4FB9F009D99D3 /* Home.swift */ = {isa = PBXFileReference; lastKnownFileType = sourcecode.swift; path = Home.swift; sourceTree = "<group>"; };
		870C08F529F4FBD3009D99D3 /* MainScreen.swift */ = {isa = PBXFileReference; lastKnownFileType = sourcecode.swift; path = MainScreen.swift; sourceTree = "<group>"; };
		870C08F729F4FC25009D99D3 /* Menu.swift */ = {isa = PBXFileReference; lastKnownFileType = sourcecode.swift; path = Menu.swift; sourceTree = "<group>"; };
		870C08F929F4FCB1009D99D3 /* DetailItem.swift */ = {isa = PBXFileReference; lastKnownFileType = sourcecode.swift; path = DetailItem.swift; sourceTree = "<group>"; };
		870C08FB29F4FD18009D99D3 /* FoodItem.swift */ = {isa = PBXFileReference; lastKnownFileType = sourcecode.swift; path = FoodItem.swift; sourceTree = "<group>"; };
/* End PBXFileReference section */

/* Begin PBXFrameworksBuildPhase section */
		870C08BD29F40AF8009D99D3 /* Frameworks */ = {
			isa = PBXFrameworksBuildPhase;
			buildActionMask = 2147483647;
			files = (
			);
			runOnlyForDeploymentPostprocessing = 0;
		};
/* End PBXFrameworksBuildPhase section */

/* Begin PBXGroup section */
		870C08B729F40AF8009D99D3 = {
			isa = PBXGroup;
			children = (
				870C08C229F40AF8009D99D3 /* Little Lemon */,
				870C08C129F40AF8009D99D3 /* Products */,
			);
			sourceTree = "<group>";
		};
		870C08C129F40AF8009D99D3 /* Products */ = {
			isa = PBXGroup;
			children = (
				870C08C029F40AF8009D99D3 /* Little Lemon.app */,
			);
			name = Products;
			sourceTree = "<group>";
		};
		870C08C229F40AF8009D99D3 /* Little Lemon */ = {
			isa = PBXGroup;
			children = (
				870C08EC29F4F785009D99D3 /* ViewModel */,
				870C08E729F4F2EC009D99D3 /* Views */,
				870C08E029F43740009D99D3 /* Models */,
				870C08DB29F4282C009D99D3 /* Core Data */,
				870C08C329F40AF8009D99D3 /* Little_LemonApp.swift */,
				870C08C529F40AF8009D99D3 /* ContentView.swift */,
				870C08C729F40AF9009D99D3 /* Assets.xcassets */,
				870C08C929F40AF9009D99D3 /* Preview Content */,
				870C08E529F4519F009D99D3 /* Styles.swift */,
			);
			path = "Little Lemon";
			sourceTree = "<group>";
		};
		870C08C929F40AF9009D99D3 /* Preview Content */ = {
			isa = PBXGroup;
			children = (
				870C08CA29F40AF9009D99D3 /* Preview Assets.xcassets */,
			);
			path = "Preview Content";
			sourceTree = "<group>";
		};
		870C08DB29F4282C009D99D3 /* Core Data */ = {
			isa = PBXGroup;
			children = (
				870C08D829F4270F009D99D3 /* ExampleDatabase.xcdatamodeld */,
				870C08DC29F4284B009D99D3 /* FetchedObjects.swift */,
				870C08DD29F4284B009D99D3 /* Persistence.swift */,
			);
			path = "Core Data";
			sourceTree = "<group>";
		};
		870C08E029F43740009D99D3 /* Models */ = {
			isa = PBXGroup;
			children = (
				870C08E129F43B18009D99D3 /* MenuItem.swift */,
				870C08E329F43EAB009D99D3 /* MenuList.swift */,
			);
			path = Models;
			sourceTree = "<group>";
		};
		870C08E729F4F2EC009D99D3 /* Views */ = {
			isa = PBXGroup;
			children = (
				870C08E829F4F306009D99D3 /* Onboarding.swift */,
				870C08EA29F4F36E009D99D3 /* Header.swift */,
				870C08EF29F4F9CF009D99D3 /* UserProfile.swift */,
				870C08F129F4FB5F009D99D3 /* Hero.swift */,
				870C08F329F4FB9F009D99D3 /* Home.swift */,
				870C08F529F4FBD3009D99D3 /* MainScreen.swift */,
				870C08F729F4FC25009D99D3 /* Menu.swift */,
				870C08F929F4FCB1009D99D3 /* DetailItem.swift */,
				870C08FB29F4FD18009D99D3 /* FoodItem.swift */,
			);
			path = Views;
			sourceTree = "<group>";
		};
		870C08EC29F4F785009D99D3 /* ViewModel */ = {
			isa = PBXGroup;
			children = (
				870C08ED29F4F797009D99D3 /* ViewModel.swift */,
			);
			path = ViewModel;
			sourceTree = "<group>";
		};
/* End PBXGroup section */

/* Begin PBXNativeTarget section */
		870C08BF29F40AF8009D99D3 /* Little Lemon */ = {
			isa = PBXNativeTarget;
			buildConfigurationList = 870C08CE29F40AF9009D99D3 /* Build configuration list for PBXNativeTarget "Little Lemon" */;
			buildPhases = (
				870C08BC29F40AF8009D99D3 /* Sources */,
				870C08BD29F40AF8009D99D3 /* Frameworks */,
				870C08BE29F40AF8009D99D3 /* Resources */,
			);
			buildRules = (
			);
			dependencies = (
			);
			name = "Little Lemon";
			productName = "Little Lemon";
			productReference = 870C08C029F40AF8009D99D3 /* Little Lemon.app */;
			productType = "com.apple.product-type.application";
		};
/* End PBXNativeTarget section */

/* Begin PBXProject section */
		870C08B829F40AF8009D99D3 /* Project object */ = {
			isa = PBXProject;
			attributes = {
				BuildIndependentTargetsInParallel = 1;
				LastSwiftUpdateCheck = 1430;
				LastUpgradeCheck = 1430;
				TargetAttributes = {
					870C08BF29F40AF8009D99D3 = {
						CreatedOnToolsVersion = 14.3;
					};
				};
			};
			buildConfigurationList = 870C08BB29F40AF8009D99D3 /* Build configuration list for PBXProject "Little Lemon" */;
			compatibilityVersion = "Xcode 14.0";
			developmentRegion = en;
			hasScannedForEncodings = 0;
			knownRegions = (
				en,
				Base,
			);
			mainGroup = 870C08B729F40AF8009D99D3;
			productRefGroup = 870C08C129F40AF8009D99D3 /* Products */;
			projectDirPath = "";
			projectRoot = "";
			targets = (
				870C08BF29F40AF8009D99D3 /* Little Lemon */,
			);
		};
/* End PBXProject section */

/* Begin PBXResourcesBuildPhase section */
		870C08BE29F40AF8009D99D3 /* Resources */ = {
			isa = PBXResourcesBuildPhase;
			buildActionMask = 2147483647;
			files = (
				870C08CB29F40AF9009D99D3 /* Preview Assets.xcassets in Resources */,
				870C08C829F40AF9009D99D3 /* Assets.xcassets in Resources */,
			);
			runOnlyForDeploymentPostprocessing = 0;
		};
/* End PBXResourcesBuildPhase section */

/* Begin PBXSourcesBuildPhase section */
		870C08BC29F40AF8009D99D3 /* Sources */ = {
			isa = PBXSourcesBuildPhase;
			buildActionMask = 2147483647;
			files = (
				870C08EB29F4F36E009D99D3 /* Header.swift in Sources */,
				870C08E929F4F306009D99D3 /* Onboarding.swift in Sources */,
				870C08DE29F4284B009D99D3 /* FetchedObjects.swift in Sources */,
				870C08EE29F4F797009D99D3 /* ViewModel.swift in Sources */,
				870C08FC29F4FD18009D99D3 /* FoodItem.swift in Sources */,
				870C08DA29F4270F009D99D3 /* ExampleDatabase.xcdatamodeld in Sources */,
				870C08C629F40AF8009D99D3 /* ContentView.swift in Sources */,
				870C08F429F4FB9F009D99D3 /* Home.swift in Sources */,
				870C08E629F4519F009D99D3 /* Styles.swift in Sources */,
				870C08E229F43B18009D99D3 /* MenuItem.swift in Sources */,
				870C08F029F4F9CF009D99D3 /* UserProfile.swift in Sources */,
				870C08FA29F4FCB1009D99D3 /* DetailItem.swift in Sources */,
				870C08F829F4FC25009D99D3 /* Menu.swift in Sources */,
				870C08C429F40AF8009D99D3 /* Little_LemonApp.swift in Sources */,
				870C08DF29F4284B009D99D3 /* Persistence.swift in Sources */,
				870C08F629F4FBD3009D99D3 /* MainScreen.swift in Sources */,
				870C08F229F4FB5F009D99D3 /* Hero.swift in Sources */,
				870C08E429F43EAB009D99D3 /* MenuList.swift in Sources */,
			);
			runOnlyForDeploymentPostprocessing = 0;
		};
/* End PBXSourcesBuildPhase section */

/* Begin XCBuildConfiguration section */
		870C08CC29F40AF9009D99D3 /* Debug */ = {
			isa = XCBuildConfiguration;
			buildSettings = {
				ALWAYS_SEARCH_USER_PATHS = NO;
				CLANG_ANALYZER_NONNULL = YES;
				CLANG_ANALYZER_NUMBER_OBJECT_CONVERSION = YES_AGGRESSIVE;
				CLANG_CXX_LANGUAGE_STANDARD = "gnu++20";
				CLANG_ENABLE_MODULES = YES;
				CLANG_ENABLE_OBJC_ARC = YES;
				CLANG_ENABLE_OBJC_WEAK = YES;
				CLANG_WARN_BLOCK_CAPTURE_AUTORELEASING = YES;
				CLANG_WARN_BOOL_CONVERSION = YES;
				CLANG_WARN_COMMA = YES;
				CLANG_WARN_CONSTANT_CONVERSION = YES;
				CLANG_WARN_DEPRECATED_OBJC_IMPLEMENTATIONS = YES;
				CLANG_WARN_DIRECT_OBJC_ISA_USAGE = YES_ERROR;
				CLANG_WARN_DOCUMENTATION_COMMENTS = YES;
				CLANG_WARN_EMPTY_BODY = YES;
				CLANG_WARN_ENUM_CONVERSION = YES;
				CLANG_WARN_INFINITE_RECURSION = YES;
				CLANG_WARN_INT_CONVERSION = YES;
				CLANG_WARN_NON_LITERAL_NULL_CONVERSION = YES;
				CLANG_WARN_OBJC_IMPLICIT_RETAIN_SELF = YES;
				CLANG_WARN_OBJC_LITERAL_CONVERSION = YES;
				CLANG_WARN_OBJC_ROOT_CLASS = YES_ERROR;
				CLANG_WARN_QUOTED_INCLUDE_IN_FRAMEWORK_HEADER = YES;
				CLANG_WARN_RANGE_LOOP_ANALYSIS = YES;
				CLANG_WARN_STRICT_PROTOTYPES = YES;
				CLANG_WARN_SUSPICIOUS_MOVE = YES;
				CLANG_WARN_UNGUARDED_AVAILABILITY = YES_AGGRESSIVE;
				CLANG_WARN_UNREACHABLE_CODE = YES;
				CLANG_WARN__DUPLICATE_METHOD_MATCH = YES;
				COPY_PHASE_STRIP = NO;
				DEBUG_INFORMATION_FORMAT = dwarf;
				ENABLE_STRICT_OBJC_MSGSEND = YES;
				ENABLE_TESTABILITY = YES;
				GCC_C_LANGUAGE_STANDARD = gnu11;
				GCC_DYNAMIC_NO_PIC = NO;
				GCC_NO_COMMON_BLOCKS = YES;
				GCC_OPTIMIZATION_LEVEL = 0;
				GCC_PREPROCESSOR_DEFINITIONS = (
					"DEBUG=1",
					"$(inherited)",
				);
				GCC_WARN_64_TO_32_BIT_CONVERSION = YES;
				GCC_WARN_ABOUT_RETURN_TYPE = YES_ERROR;
				GCC_WARN_UNDECLARED_SELECTOR = YES;
				GCC_WARN_UNINITIALIZED_AUTOS = YES_AGGRESSIVE;
				GCC_WARN_UNUSED_FUNCTION = YES;
				GCC_WARN_UNUSED_VARIABLE = YES;
				IPHONEOS_DEPLOYMENT_TARGET = 16.4;
				MTL_ENABLE_DEBUG_INFO = INCLUDE_SOURCE;
				MTL_FAST_MATH = YES;
				ONLY_ACTIVE_ARCH = YES;
				SDKROOT = iphoneos;
				SWIFT_ACTIVE_COMPILATION_CONDITIONS = DEBUG;
				SWIFT_OPTIMIZATION_LEVEL = "-Onone";
			};
			name = Debug;
		};
		870C08CD29F40AF9009D99D3 /* Release */ = {
			isa = XCBuildConfiguration;
			buildSettings = {
				ALWAYS_SEARCH_USER_PATHS = NO;
				CLANG_ANALYZER_NONNULL = YES;
				CLANG_ANALYZER_NUMBER_OBJECT_CONVERSION = YES_AGGRESSIVE;
				CLANG_CXX_LANGUAGE_STANDARD = "gnu++20";
				CLANG_ENABLE_MODULES = YES;
				CLANG_ENABLE_OBJC_ARC = YES;
				CLANG_ENABLE_OBJC_WEAK = YES;
				CLANG_WARN_BLOCK_CAPTURE_AUTORELEASING = YES;
				CLANG_WARN_BOOL_CONVERSION = YES;
				CLANG_WARN_COMMA = YES;
				CLANG_WARN_CONSTANT_CONVERSION = YES;
				CLANG_WARN_DEPRECATED_OBJC_IMPLEMENTATIONS = YES;
				CLANG_WARN_DIRECT_OBJC_ISA_USAGE = YES_ERROR;
				CLANG_WARN_DOCUMENTATION_COMMENTS = YES;
				CLANG_WARN_EMPTY_BODY = YES;
				CLANG_WARN_ENUM_CONVERSION = YES;
				CLANG_WARN_INFINITE_RECURSION = YES;
				CLANG_WARN_INT_CONVERSION = YES;
				CLANG_WARN_NON_LITERAL_NULL_CONVERSION = YES;
				CLANG_WARN_OBJC_IMPLICIT_RETAIN_SELF = YES;
				CLANG_WARN_OBJC_LITERAL_CONVERSION = YES;
				CLANG_WARN_OBJC_ROOT_CLASS = YES_ERROR;
				CLANG_WARN_QUOTED_INCLUDE_IN_FRAMEWORK_HEADER = YES;
				CLANG_WARN_RANGE_LOOP_ANALYSIS = YES;
				CLANG_WARN_STRICT_PROTOTYPES = YES;
				CLANG_WARN_SUSPICIOUS_MOVE = YES;
				CLANG_WARN_UNGUARDED_AVAILABILITY = YES_AGGRESSIVE;
				CLANG_WARN_UNREACHABLE_CODE = YES;
				CLANG_WARN__DUPLICATE_METHOD_MATCH = YES;
				COPY_PHASE_STRIP = NO;
				DEBUG_INFORMATION_FORMAT = "dwarf-with-dsym";
				ENABLE_NS_ASSERTIONS = NO;
				ENABLE_STRICT_OBJC_MSGSEND = YES;
				GCC_C_LANGUAGE_STANDARD = gnu11;
				GCC_NO_COMMON_BLOCKS = YES;
				GCC_WARN_64_TO_32_BIT_CONVERSION = YES;
				GCC_WARN_ABOUT_RETURN_TYPE = YES_ERROR;
				GCC_WARN_UNDECLARED_SELECTOR = YES;
				GCC_WARN_UNINITIALIZED_AUTOS = YES_AGGRESSIVE;
				GCC_WARN_UNUSED_FUNCTION = YES;
				GCC_WARN_UNUSED_VARIABLE = YES;
				IPHONEOS_DEPLOYMENT_TARGET = 16.4;
				MTL_ENABLE_DEBUG_INFO = NO;
				MTL_FAST_MATH = YES;
				SDKROOT = iphoneos;
				SWIFT_COMPILATION_MODE = wholemodule;
				SWIFT_OPTIMIZATION_LEVEL = "-O";
				VALIDATE_PRODUCT = YES;
			};
			name = Release;
		};
		870C08CF29F40AF9009D99D3 /* Debug */ = {
			isa = XCBuildConfiguration;
			buildSettings = {
				ASSETCATALOG_COMPILER_APPICON_NAME = AppIcon;
				ASSETCATALOG_COMPILER_GLOBAL_ACCENT_COLOR_NAME = AccentColor;
				CODE_SIGN_STYLE = Automatic;
				CURRENT_PROJECT_VERSION = 1;
				DEVELOPMENT_ASSET_PATHS = "\"Little Lemon/Preview Content\"";
				DEVELOPMENT_TEAM = V295X7TJF4;
				ENABLE_PREVIEWS = YES;
				GENERATE_INFOPLIST_FILE = YES;
				INFOPLIST_KEY_UIApplicationSceneManifest_Generation = YES;
				INFOPLIST_KEY_UIApplicationSupportsIndirectInputEvents = YES;
				INFOPLIST_KEY_UILaunchScreen_Generation = YES;
				INFOPLIST_KEY_UISupportedInterfaceOrientations_iPad = "UIInterfaceOrientationPortrait UIInterfaceOrientationPortraitUpsideDown UIInterfaceOrientationLandscapeLeft UIInterfaceOrientationLandscapeRight";
				INFOPLIST_KEY_UISupportedInterfaceOrientations_iPhone = "UIInterfaceOrientationPortrait UIInterfaceOrientationLandscapeLeft UIInterfaceOrientationLandscapeRight";
				LD_RUNPATH_SEARCH_PATHS = (
					"$(inherited)",
					"@executable_path/Frameworks",
				);
				MARKETING_VERSION = 1.0;
				PRODUCT_BUNDLE_IDENTIFIER = "com.ajin.Little-Lemon";
				PRODUCT_NAME = "$(TARGET_NAME)";
				SWIFT_EMIT_LOC_STRINGS = YES;
				SWIFT_VERSION = 5.0;
				TARGETED_DEVICE_FAMILY = "1,2";
			};
			name = Debug;
		};
		870C08D029F40AF9009D99D3 /* Release */ = {
			isa = XCBuildConfiguration;
			buildSettings = {
				ASSETCATALOG_COMPILER_APPICON_NAME = AppIcon;
				ASSETCATALOG_COMPILER_GLOBAL_ACCENT_COLOR_NAME = AccentColor;
				CODE_SIGN_STYLE = Automatic;
				CURRENT_PROJECT_VERSION = 1;
				DEVELOPMENT_ASSET_PATHS = "\"Little Lemon/Preview Content\"";
				DEVELOPMENT_TEAM = V295X7TJF4;
				ENABLE_PREVIEWS = YES;
				GENERATE_INFOPLIST_FILE = YES;
				INFOPLIST_KEY_UIApplicationSceneManifest_Generation = YES;
				INFOPLIST_KEY_UIApplicationSupportsIndirectInputEvents = YES;
				INFOPLIST_KEY_UILaunchScreen_Generation = YES;
				INFOPLIST_KEY_UISupportedInterfaceOrientations_iPad = "UIInterfaceOrientationPortrait UIInterfaceOrientationPortraitUpsideDown UIInterfaceOrientationLandscapeLeft UIInterfaceOrientationLandscapeRight";
				INFOPLIST_KEY_UISupportedInterfaceOrientations_iPhone = "UIInterfaceOrientationPortrait UIInterfaceOrientationLandscapeLeft UIInterfaceOrientationLandscapeRight";
				LD_RUNPATH_SEARCH_PATHS = (
					"$(inherited)",
					"@executable_path/Frameworks",
				);
				MARKETING_VERSION = 1.0;
				PRODUCT_BUNDLE_IDENTIFIER = "com.ajin.Little-Lemon";
				PRODUCT_NAME = "$(TARGET_NAME)";
				SWIFT_EMIT_LOC_STRINGS = YES;
				SWIFT_VERSION = 5.0;
				TARGETED_DEVICE_FAMILY = "1,2";
			};
			name = Release;
		};
/* End XCBuildConfiguration section */

/* Begin XCConfigurationList section */
		870C08BB29F40AF8009D99D3 /* Build configuration list for PBXProject "Little Lemon" */ = {
			isa = XCConfigurationList;
			buildConfigurations = (
				870C08CC29F40AF9009D99D3 /* Debug */,
				870C08CD29F40AF9009D99D3 /* Release */,
			);
			defaultConfigurationIsVisible = 0;
			defaultConfigurationName = Release;
		};
		870C08CE29F40AF9009D99D3 /* Build configuration list for PBXNativeTarget "Little Lemon" */ = {
			isa = XCConfigurationList;
			buildConfigurations = (
				870C08CF29F40AF9009D99D3 /* Debug */,
				870C08D029F40AF9009D99D3 /* Release */,
			);
			defaultConfigurationIsVisible = 0;
			defaultConfigurationName = Release;
		};
/* End XCConfigurationList section */

/* Begin XCVersionGroup section */
		870C08D829F4270F009D99D3 /* ExampleDatabase.xcdatamodeld */ = {
			isa = XCVersionGroup;
			children = (
				870C08D929F4270F009D99D3 /* ExampleDatabase.xcdatamodel */,
			);
			currentVersion = 870C08D929F4270F009D99D3 /* ExampleDatabase.xcdatamodel */;
			path = ExampleDatabase.xcdatamodeld;
			sourceTree = "<group>";
			versionGroupType = wrapper.xcdatamodel;
		};
/* End XCVersionGroup section */
	};
	rootObject = 870C08B829F40AF8009D99D3 /* Project object */;
}
